
Microsoft Visual Studio Solution File, Format Version 12.00
# Visual Studio 14
VisualStudioVersion = 14.0.23107.0
MinimumVisualStudioVersion = 10.0.40219.1
Project("{FAE04EC0-301F-11D3-BF4B-00C04F79EFBC}") = "MyDev.Common", "MyDev.Common\MyDev.Common.csproj", "{77FB0324-6809-4428-9EF7-C626376CD595}"
EndProject
Project("{2150E333-8FDC-42A3-9474-1A3956D46DE8}") = "WebSite", "WebSite", "{4F5EEE50-8E2D-45CA-B104-8960DC832C37}"
EndProject
Project("{2150E333-8FDC-42A3-9474-1A3956D46DE8}") = "Portal", "Portal", "{8D6072FD-3EEB-413F-8985-2075683E566E}"
EndProject
Project("{FAE04EC0-301F-11D3-BF4B-00C04F79EFBC}") = "MyDev.WebSite.Portal.Web", "MyDev.WebSite.Portal.Web\MyDev.WebSite.Portal.Web.csproj", "{5F1091CF-D988-4B51-893F-7655B829506F}"
EndProject
Project("{2150E333-8FDC-42A3-9474-1A3956D46DE8}") = "Api", "Api", "{4CA561F4-7C84-434E-A962-64D595D0D4EC}"
EndProject
Project("{FAE04EC0-301F-11D3-BF4B-00C04F79EFBC}") = "MyDev.Api.WebApi", "MyDev.Api.WebApi\MyDev.Api.WebApi.csproj", "{FE5FCD79-F703-46E9-AE70-BDB6583532E8}"
EndProject
Project("{FAE04EC0-301F-11D3-BF4B-00C04F79EFBC}") = "MyDev.WebSite.Portal.WebLogic", "MyDev.WebSite.Portal.WebLogic\MyDev.WebSite.Portal.WebLogic.csproj", "{CB8C9E37-6854-48EA-ABF1-0DED3242A3C9}"
EndProject
Project("{FAE04EC0-301F-11D3-BF4B-00C04F79EFBC}") = "MyDev.Api.WebApiLogic", "MyDev.Api.WebApiLogic\MyDev.Api.WebApiLogic.csproj", "{DDFB44A2-71F8-40F0-A750-1B921290568F}"
EndProject
Project("{2150E333-8FDC-42A3-9474-1A3956D46DE8}") = "DataAccess", "DataAccess", "{7946D69F-91C8-4C45-80D7-BB920B048353}"
EndProject
Project("{2150E333-8FDC-42A3-9474-1A3956D46DE8}") = "UserInterface", "UserInterface", "{30FEE5A2-FF4C-45C2-BEFE-D316921927B2}"
EndProject
Project("{2150E333-8FDC-42A3-9474-1A3956D46DE8}") = "BusinessLogic", "BusinessLogic", "{934F8EBB-F962-4EF7-AC17-0DB6C81E631C}"
EndProject
Project("{2150E333-8FDC-42A3-9474-1A3956D46DE8}") = "Common", "Common", "{C30C73BB-8DCF-4384-B140-486ECAA14456}"
EndProject
Project("{2150E333-8FDC-42A3-9474-1A3956D46DE8}") = "WebSite", "WebSite", "{B31828A8-9510-436F-A434-4A6865A9B4DB}"
EndProject
Project("{2150E333-8FDC-42A3-9474-1A3956D46DE8}") = "Portal", "Portal", "{098BDDC4-98A8-43B9-BC70-6BDEB8B0B980}"
EndProject
Project("{FAE04EC0-301F-11D3-BF4B-00C04F79EFBC}") = "MyDev.UserInterface.WebSite.Portal.WebLogic", "MyDev.UserInterface.WebSite.Portal.WebLogic\MyDev.UserInterface.WebSite.Portal.WebLogic.csproj", "{AB1D4FBC-9333-4FB0-B59E-800C1962FCFF}"
EndProject
Project("{FAE04EC0-301F-11D3-BF4B-00C04F79EFBC}") = "MyDev.DataAccess.Config", "MyDev.DataAccess.Config\MyDev.DataAccess.Config.csproj", "{820DA1D9-3A42-4F9B-A431-55726250EA93}"
EndProject
Project("{FAE04EC0-301F-11D3-BF4B-00C04F79EFBC}") = "MyDev.DataAccess.Db", "MyDev.DataAccess.Db\MyDev.DataAccess.Db.csproj", "{B4ACFBC1-2D3F-41F5-BFD1-D05C2664A008}"
EndProject
Project("{FAE04EC0-301F-11D3-BF4B-00C04F79EFBC}") = "MyDev.DataAccess.Model", "MyDev.DataAccess.Model\MyDev.DataAccess.Model.csproj", "{08BBE967-C94F-4D29-8C1B-84439040C1B4}"
EndProject
Project("{FAE04EC0-301F-11D3-BF4B-00C04F79EFBC}") = "MyDev.UserInterface.WebSite.Portal.Web", "MyDev.UserInterface.WebSite.Portal.Web\MyDev.UserInterface.WebSite.Portal.Web.csproj", "{33547FF1-EDC1-4030-957A-2F425F1DEE06}"
EndProject
Project("{FAE04EC0-301F-11D3-BF4B-00C04F79EFBC}") = "MyDev.BusinessLogic", "MyDev.BusinessLogic\MyDev.BusinessLogic.csproj", "{4BCC10DE-7C8F-464C-92E8-63B43BEE89C2}"
EndProject
Project("{2150E333-8FDC-42A3-9474-1A3956D46DE8}") = "Api", "Api", "{17E5C587-9061-48DA-B5D5-B8096D28DB39}"
EndProject
Project("{FAE04EC0-301F-11D3-BF4B-00C04F79EFBC}") = "MyDev.UserInterface.Api.WebApiLogic", "MyDev.UserInterface.Api.WebApiLogic\MyDev.UserInterface.Api.WebApiLogic.csproj", "{AADED8C6-656E-40F4-BD1A-F014A471A2C0}"
EndProject
Project("{FAE04EC0-301F-11D3-BF4B-00C04F79EFBC}") = "MyDev.UserInterface.Api.WebApi", "MyDev.UserInterface.Api.WebApi\MyDev.UserInterface.Api.WebApi.csproj", "{671667AE-7762-4729-9D1A-0E5AE5EAEEFB}"
EndProject
Global
	GlobalSection(SolutionConfigurationPlatforms) = preSolution
		Debug|Any CPU = Debug|Any CPU
		Release|Any CPU = Release|Any CPU
	EndGlobalSection
	GlobalSection(ProjectConfigurationPlatforms) = postSolution
		{77FB0324-6809-4428-9EF7-C626376CD595}.Debug|Any CPU.ActiveCfg = Debug|Any CPU
		{77FB0324-6809-4428-9EF7-C626376CD595}.Debug|Any CPU.Build.0 = Debug|Any CPU
		{77FB0324-6809-4428-9EF7-C626376CD595}.Release|Any CPU.ActiveCfg = Release|Any CPU
		{77FB0324-6809-4428-9EF7-C626376CD595}.Release|Any CPU.Build.0 = Release|Any CPU
		{5F1091CF-D988-4B51-893F-7655B829506F}.Debug|Any CPU.ActiveCfg = Debug|Any CPU
		{5F1091CF-D988-4B51-893F-7655B829506F}.Debug|Any CPU.Build.0 = Debug|Any CPU
		{5F1091CF-D988-4B51-893F-7655B829506F}.Release|Any CPU.ActiveCfg = Release|Any CPU
		{5F1091CF-D988-4B51-893F-7655B829506F}.Release|Any CPU.Build.0 = Release|Any CPU
		{FE5FCD79-F703-46E9-AE70-BDB6583532E8}.Debug|Any CPU.ActiveCfg = Debug|Any CPU
		{FE5FCD79-F703-46E9-AE70-BDB6583532E8}.Debug|Any CPU.Build.0 = Debug|Any CPU
		{FE5FCD79-F703-46E9-AE70-BDB6583532E8}.Release|Any CPU.ActiveCfg = Release|Any CPU
		{FE5FCD79-F703-46E9-AE70-BDB6583532E8}.Release|Any CPU.Build.0 = Release|Any CPU
		{CB8C9E37-6854-48EA-ABF1-0DED3242A3C9}.Debug|Any CPU.ActiveCfg = Debug|Any CPU
		{CB8C9E37-6854-48EA-ABF1-0DED3242A3C9}.Debug|Any CPU.Build.0 = Debug|Any CPU
		{CB8C9E37-6854-48EA-ABF1-0DED3242A3C9}.Release|Any CPU.ActiveCfg = Release|Any CPU
		{CB8C9E37-6854-48EA-ABF1-0DED3242A3C9}.Release|Any CPU.Build.0 = Release|Any CPU
		{DDFB44A2-71F8-40F0-A750-1B921290568F}.Debug|Any CPU.ActiveCfg = Debug|Any CPU
		{DDFB44A2-71F8-40F0-A750-1B921290568F}.Debug|Any CPU.Build.0 = Debug|Any CPU
		{DDFB44A2-71F8-40F0-A750-1B921290568F}.Release|Any CPU.ActiveCfg = Release|Any CPU
		{DDFB44A2-71F8-40F0-A750-1B921290568F}.Release|Any CPU.Build.0 = Release|Any CPU
		{AB1D4FBC-9333-4FB0-B59E-800C1962FCFF}.Debug|Any CPU.ActiveCfg = Debug|Any CPU
		{AB1D4FBC-9333-4FB0-B59E-800C1962FCFF}.Debug|Any CPU.Build.0 = Debug|Any CPU
		{AB1D4FBC-9333-4FB0-B59E-800C1962FCFF}.Release|Any CPU.ActiveCfg = Release|Any CPU
		{AB1D4FBC-9333-4FB0-B59E-800C1962FCFF}.Release|Any CPU.Build.0 = Release|Any CPU
		{820DA1D9-3A42-4F9B-A431-55726250EA93}.Debug|Any CPU.ActiveCfg = Debug|Any CPU
		{820DA1D9-3A42-4F9B-A431-55726250EA93}.Debug|Any CPU.Build.0 = Debug|Any CPU
		{820DA1D9-3A42-4F9B-A431-55726250EA93}.Release|Any CPU.ActiveCfg = Release|Any CPU
		{820DA1D9-3A42-4F9B-A431-55726250EA93}.Release|Any CPU.Build.0 = Release|Any CPU
		{B4ACFBC1-2D3F-41F5-BFD1-D05C2664A008}.Debug|Any CPU.ActiveCfg = Debug|Any CPU
		{B4ACFBC1-2D3F-41F5-BFD1-D05C2664A008}.Debug|Any CPU.Build.0 = Debug|Any CPU
		{B4ACFBC1-2D3F-41F5-BFD1-D05C2664A008}.Release|Any CPU.ActiveCfg = Release|Any CPU
		{B4ACFBC1-2D3F-41F5-BFD1-D05C2664A008}.Release|Any CPU.Build.0 = Release|Any CPU
		{08BBE967-C94F-4D29-8C1B-84439040C1B4}.Debug|Any CPU.ActiveCfg = Debug|Any CPU
		{08BBE967-C94F-4D29-8C1B-84439040C1B4}.Debug|Any CPU.Build.0 = Debug|Any CPU
		{08BBE967-C94F-4D29-8C1B-84439040C1B4}.Release|Any CPU.ActiveCfg = Release|Any CPU
		{08BBE967-C94F-4D29-8C1B-84439040C1B4}.Release|Any CPU.Build.0 = Release|Any CPU
		{33547FF1-EDC1-4030-957A-2F425F1DEE06}.Debug|Any CPU.ActiveCfg = Debug|Any CPU
		{33547FF1-EDC1-4030-957A-2F425F1DEE06}.Debug|Any CPU.Build.0 = Debug|Any CPU
		{33547FF1-EDC1-4030-957A-2F425F1DEE06}.Release|Any CPU.ActiveCfg = Release|Any CPU
		{33547FF1-EDC1-4030-957A-2F425F1DEE06}.Release|Any CPU.Build.0 = Release|Any CPU
		{4BCC10DE-7C8F-464C-92E8-63B43BEE89C2}.Debug|Any CPU.ActiveCfg = Debug|Any CPU
		{4BCC10DE-7C8F-464C-92E8-63B43BEE89C2}.Debug|Any CPU.Build.0 = Debug|Any CPU
		{4BCC10DE-7C8F-464C-92E8-63B43BEE89C2}.Release|Any CPU.ActiveCfg = Release|Any CPU
		{4BCC10DE-7C8F-464C-92E8-63B43BEE89C2}.Release|Any CPU.Build.0 = Release|Any CPU
		{AADED8C6-656E-40F4-BD1A-F014A471A2C0}.Debug|Any CPU.ActiveCfg = Debug|Any CPU
		{AADED8C6-656E-40F4-BD1A-F014A471A2C0}.Debug|Any CPU.Build.0 = Debug|Any CPU
		{AADED8C6-656E-40F4-BD1A-F014A471A2C0}.Release|Any CPU.ActiveCfg = Release|Any CPU
		{AADED8C6-656E-40F4-BD1A-F014A471A2C0}.Release|Any CPU.Build.0 = Release|Any CPU
		{671667AE-7762-4729-9D1A-0E5AE5EAEEFB}.Debug|Any CPU.ActiveCfg = Debug|Any CPU
		{671667AE-7762-4729-9D1A-0E5AE5EAEEFB}.Debug|Any CPU.Build.0 = Debug|Any CPU
		{671667AE-7762-4729-9D1A-0E5AE5EAEEFB}.Release|Any CPU.ActiveCfg = Release|Any CPU
		{671667AE-7762-4729-9D1A-0E5AE5EAEEFB}.Release|Any CPU.Build.0 = Release|Any CPU
	EndGlobalSection
	GlobalSection(SolutionProperties) = preSolution
		HideSolutionNode = FALSE
	EndGlobalSection
	GlobalSection(NestedProjects) = preSolution
		{77FB0324-6809-4428-9EF7-C626376CD595} = {C30C73BB-8DCF-4384-B140-486ECAA14456}
		{8D6072FD-3EEB-413F-8985-2075683E566E} = {4F5EEE50-8E2D-45CA-B104-8960DC832C37}
		{5F1091CF-D988-4B51-893F-7655B829506F} = {8D6072FD-3EEB-413F-8985-2075683E566E}
		{FE5FCD79-F703-46E9-AE70-BDB6583532E8} = {4CA561F4-7C84-434E-A962-64D595D0D4EC}
		{CB8C9E37-6854-48EA-ABF1-0DED3242A3C9} = {8D6072FD-3EEB-413F-8985-2075683E566E}
		{DDFB44A2-71F8-40F0-A750-1B921290568F} = {4CA561F4-7C84-434E-A962-64D595D0D4EC}
		{B31828A8-9510-436F-A434-4A6865A9B4DB} = {30FEE5A2-FF4C-45C2-BEFE-D316921927B2}
		{098BDDC4-98A8-43B9-BC70-6BDEB8B0B980} = {B31828A8-9510-436F-A434-4A6865A9B4DB}
		{AB1D4FBC-9333-4FB0-B59E-800C1962FCFF} = {098BDDC4-98A8-43B9-BC70-6BDEB8B0B980}
		{820DA1D9-3A42-4F9B-A431-55726250EA93} = {7946D69F-91C8-4C45-80D7-BB920B048353}
		{B4ACFBC1-2D3F-41F5-BFD1-D05C2664A008} = {7946D69F-91C8-4C45-80D7-BB920B048353}
		{08BBE967-C94F-4D29-8C1B-84439040C1B4} = {7946D69F-91C8-4C45-80D7-BB920B048353}
		{33547FF1-EDC1-4030-957A-2F425F1DEE06} = {098BDDC4-98A8-43B9-BC70-6BDEB8B0B980}
		{4BCC10DE-7C8F-464C-92E8-63B43BEE89C2} = {934F8EBB-F962-4EF7-AC17-0DB6C81E631C}
		{17E5C587-9061-48DA-B5D5-B8096D28DB39} = {30FEE5A2-FF4C-45C2-BEFE-D316921927B2}
		{AADED8C6-656E-40F4-BD1A-F014A471A2C0} = {17E5C587-9061-48DA-B5D5-B8096D28DB39}
		{671667AE-7762-4729-9D1A-0E5AE5EAEEFB} = {17E5C587-9061-48DA-B5D5-B8096D28DB39}
	EndGlobalSection
EndGlobal
